<?xml version="1.0" encoding="utf-8"?>
<Project ToolsVersion="4.0" xmlns="http://schemas.microsoft.com/developer/msbuild/2003">
  <ItemGroup>
    <Filter Include="Header Files">
      <UniqueIdentifier>{C14A4B9A-7B09-4F3D-AB38-4232DF8E8A1D}</UniqueIdentifier>
    </Filter>
    <Filter Include="Source Files">
      <UniqueIdentifier>{D4B73B2A-1AE1-4B31-86AD-483A7CEF3109}</UniqueIdentifier>
    </Filter>
  </ItemGroup>
  <ItemGroup>
    <ClInclude Include="include\sierra\core\moving_average.hpp">
      <Filter>Header Files</Filter>
    </ClInclude>
    <ClInclude Include="include\sierra\core\plan.hpp">
      <Filter>Header Files</Filter>
    </ClInclude>
    <ClInclude Include="include\sierra\core\plan_formatter.hpp">
      <Filter>Header Files</Filter>
    </ClInclude>
    <ClInclude Include="include\sierra\core\yaml_plan_loader.hpp">
      <Filter>Header Files</Filter>
    </ClInclude>
  </ItemGroup>
  <ItemGroup>
    <ClCompile Include="src\moving_average.cpp">
      <Filter>Source Files</Filter>
    </ClCompile>
    <ClCompile Include="src\plan_formatter.cpp">
      <Filter>Source Files</Filter>
    </ClCompile>
    <ClCompile Include="src\yaml_plan_loader.cpp">
      <Filter>Source Files</Filter>
    </ClCompile>
    <ClCompile Include="..\..\third_party\rapidyaml\src\c4\yml\common.cpp">
      <Filter>Source Files</Filter>
    </ClCompile>
    <ClCompile Include="..\..\third_party\rapidyaml\src\c4\yml\node.cpp">
      <Filter>Source Files</Filter>
    </ClCompile>
    <ClCompile Include="..\..\third_party\rapidyaml\src\c4\yml\parse.cpp">
      <Filter>Source Files</Filter>
    </ClCompile>
    <ClCompile Include="..\..\third_party\rapidyaml\src\c4\yml\preprocess.cpp">
      <Filter>Source Files</Filter>
    </ClCompile>
    <ClCompile Include="..\..\third_party\rapidyaml\src\c4\yml\tree.cpp">
      <Filter>Source Files</Filter>
    </ClCompile>
    <ClCompile Include="..\..\third_party\rapidyaml\ext\c4core\src\c4\base64.cpp">
      <Filter>Source Files</Filter>
    </ClCompile>
    <ClCompile Include="..\..\third_party\rapidyaml\ext\c4core\src\c4\char_traits.cpp">
      <Filter>Source Files</Filter>
    </ClCompile>
    <ClCompile Include="..\..\third_party\rapidyaml\ext\c4core\src\c4\error.cpp">
      <Filter>Source Files</Filter>
    </ClCompile>
    <ClCompile Include="..\..\third_party\rapidyaml\ext\c4core\src\c4\format.cpp">
      <Filter>Source Files</Filter>
    </ClCompile>
    <ClCompile Include="..\..\third_party\rapidyaml\ext\c4core\src\c4\language.cpp">
      <Filter>Source Files</Filter>
    </ClCompile>
    <ClCompile Include="..\..\third_party\rapidyaml\ext\c4core\src\c4\memory_resource.cpp">
      <Filter>Source Files</Filter>
    </ClCompile>
    <ClCompile Include="..\..\third_party\rapidyaml\ext\c4core\src\c4\memory_util.cpp">
      <Filter>Source Files</Filter>
    </ClCompile>
    <ClCompile Include="..\..\third_party\rapidyaml\ext\c4core\src\c4\utf.cpp">
      <Filter>Source Files</Filter>
    </ClCompile>
  </ItemGroup>
</Project>
